
Microsoft Visual Studio Solution File, Format Version 12.00
# Visual Studio Version 16
VisualStudioVersion = 16.0.30621.155
MinimumVisualStudioVersion = 10.0.40219.1
Project("{FAE04EC0-301F-11D3-BF4B-00C04F79EFBC}") = "TestTaskApp.Api", "TestTaskApp.Api\TestTaskApp.Api.csproj", "{6FA072A3-819E-4EBE-95D5-AB5E40C0AB96}"
EndProject
Project("{FAE04EC0-301F-11D3-BF4B-00C04F79EFBC}") = "TestTaskApp.Domain", "TestTaskApp.Domain\TestTaskApp.Domain.csproj", "{BCE72177-2AED-4BFD-BCD3-89857757BC69}"
EndProject
Project("{FAE04EC0-301F-11D3-BF4B-00C04F79EFBC}") = "TestTaskApp.Application", "TestTaskApp.Application\TestTaskApp.Application.csproj", "{050E5F04-E89B-496A-B3C9-82FEE6E13B50}"
EndProject
Project("{FAE04EC0-301F-11D3-BF4B-00C04F79EFBC}") = "TestTaskApp.Infrastructure", "TestTaskApp.Infrastructure\TestTaskApp.Infrastructure.csproj", "{4AF7BE2B-0B03-4FB6-8925-B91B8F431B0F}"
EndProject
Global
	GlobalSection(SolutionConfigurationPlatforms) = preSolution
		Debug|Any CPU = Debug|Any CPU
		Release|Any CPU = Release|Any CPU
	EndGlobalSection
	GlobalSection(ProjectConfigurationPlatforms) = postSolution
		{6FA072A3-819E-4EBE-95D5-AB5E40C0AB96}.Debug|Any CPU.ActiveCfg = Debug|Any CPU
		{6FA072A3-819E-4EBE-95D5-AB5E40C0AB96}.Debug|Any CPU.Build.0 = Debug|Any CPU
		{6FA072A3-819E-4EBE-95D5-AB5E40C0AB96}.Release|Any CPU.ActiveCfg = Release|Any CPU
		{6FA072A3-819E-4EBE-95D5-AB5E40C0AB96}.Release|Any CPU.Build.0 = Release|Any CPU
		{BCE72177-2AED-4BFD-BCD3-89857757BC69}.Debug|Any CPU.ActiveCfg = Debug|Any CPU
		{BCE72177-2AED-4BFD-BCD3-89857757BC69}.Debug|Any CPU.Build.0 = Debug|Any CPU
		{BCE72177-2AED-4BFD-BCD3-89857757BC69}.Release|Any CPU.ActiveCfg = Release|Any CPU
		{BCE72177-2AED-4BFD-BCD3-89857757BC69}.Release|Any CPU.Build.0 = Release|Any CPU
		{050E5F04-E89B-496A-B3C9-82FEE6E13B50}.Debug|Any CPU.ActiveCfg = Debug|Any CPU
		{050E5F04-E89B-496A-B3C9-82FEE6E13B50}.Debug|Any CPU.Build.0 = Debug|Any CPU
		{050E5F04-E89B-496A-B3C9-82FEE6E13B50}.Release|Any CPU.ActiveCfg = Release|Any CPU
		{050E5F04-E89B-496A-B3C9-82FEE6E13B50}.Release|Any CPU.Build.0 = Release|Any CPU
		{4AF7BE2B-0B03-4FB6-8925-B91B8F431B0F}.Debug|Any CPU.ActiveCfg = Debug|Any CPU
		{4AF7BE2B-0B03-4FB6-8925-B91B8F431B0F}.Debug|Any CPU.Build.0 = Debug|Any CPU
		{4AF7BE2B-0B03-4FB6-8925-B91B8F431B0F}.Release|Any CPU.ActiveCfg = Release|Any CPU
		{4AF7BE2B-0B03-4FB6-8925-B91B8F431B0F}.Release|Any CPU.Build.0 = Release|Any CPU
	EndGlobalSection
	GlobalSection(SolutionProperties) = preSolution
		HideSolutionNode = FALSE
	EndGlobalSection
	GlobalSection(ExtensibilityGlobals) = postSolution
		SolutionGuid = {C97885AF-2E0C-439A-AA39-957D4C61818A}
	EndGlobalSection
EndGlobal
